
Microsoft Visual Studio Solution File, Format Version 12.00
# Visual Studio Version 17
VisualStudioVersion = 17.5.002.0
MinimumVisualStudioVersion = 10.0.40219.1
Project("{9A19103F-16F7-4668-BE54-9A1E7A4F7556}") = "BaiTapLon", "BaiTapLon.csproj", "{B3E3F533-D28E-4673-9AEB-3C82C310BB91}"
EndProject
Global
	GlobalSection(SolutionConfigurationPlatforms) = preSolution
		Debug|Any CPU = Debug|Any CPU
		Release|Any CPU = Release|Any CPU
	EndGlobalSection
	GlobalSection(ProjectConfigurationPlatforms) = postSolution
		{B3E3F533-D28E-4673-9AEB-3C82C310BB91}.Debug|Any CPU.ActiveCfg = Debug|Any CPU
		{B3E3F533-D28E-4673-9AEB-3C82C310BB91}.Debug|Any CPU.Build.0 = Debug|Any CPU
		{B3E3F533-D28E-4673-9AEB-3C82C310BB91}.Release|Any CPU.ActiveCfg = Release|Any CPU
		{B3E3F533-D28E-4673-9AEB-3C82C310BB91}.Release|Any CPU.Build.0 = Release|Any CPU
	EndGlobalSection
	GlobalSection(SolutionProperties) = preSolution
		HideSolutionNode = FALSE
	EndGlobalSection
	GlobalSection(ExtensibilityGlobals) = postSolution
		SolutionGuid = {5A7AA825-80E9-48D6-A30D-91D53F57E459}
	EndGlobalSection
EndGlobal
